{
  "version": 4,
  "terraform_version": "1.14.6",
  "serial": 3,
  "lineage": "3b1833af-dfa4-0c90-4d3a-354ae0ad2801",
  "outputs": {
    "cidr_block": {
      "value": "10.0.0.0/16",
      "type": "string"
    },
    "environment": {
      "value": "dev",
      "type": "string"
    },
    "internal_endpoint": {
      "value": "internal-ff71b01c.demo.local",
      "type": "string",
      "sensitive": true
    },
    "subnet_cidrs": {
      "value": [
        "10.0.0.0/24",
        "10.0.1.0/24"
      ],
      "type": [
        "tuple",
        [
          "string",
          "string"
        ]
      ]
    },
    "subnet_ids": {
      "value": [
        "subnet-36fd920f",
        "subnet-652a715e"
      ],
      "type": [
        "tuple",
        [
          "string",
          "string"
        ]
      ]
    },
    "vpc_id": {
      "value": "vpc-ff71b01c",
      "type": "string"
    }
  },
  "resources": [
    {
      "mode": "managed",
      "type": "null_resource",
      "name": "vpc_ready",
      "provider": "provider[\"registry.terraform.io/hashicorp/null\"]",
      "instances": [
        {
          "schema_version": 0,
          "attributes": {
            "id": "5477889958534000830",
            "triggers": {
              "vpc_id": "ff71b01c"
            }
          },
          "sensitive_attributes": [],
          "identity_schema_version": 0,
          "dependencies": [
            "random_id.vpc"
          ]
        }
      ]
    },
    {
      "mode": "managed",
      "type": "random_id",
      "name": "subnet",
      "provider": "provider[\"registry.terraform.io/hashicorp/random\"]",
      "instances": [
        {
          "index_key": 0,
          "schema_version": 0,
          "attributes": {
            "b64_std": "Nv2SDw==",
            "b64_url": "Nv2SDw",
            "byte_length": 4,
            "dec": "922587663",
            "hex": "36fd920f",
            "id": "Nv2SDw",
            "keepers": {
              "environment": "dev",
              "subnet": "0"
            },
            "prefix": null
          },
          "sensitive_attributes": [],
          "identity_schema_version": 0
        },
        {
          "index_key": 1,
          "schema_version": 0,
          "attributes": {
            "b64_std": "ZSpxXg==",
            "b64_url": "ZSpxXg",
            "byte_length": 4,
            "dec": "1697280350",
            "hex": "652a715e",
            "id": "ZSpxXg",
            "keepers": {
              "environment": "dev",
              "subnet": "1"
            },
            "prefix": null
          },
          "sensitive_attributes": [],
          "identity_schema_version": 0
        }
      ]
    },
    {
      "mode": "managed",
      "type": "random_id",
      "name": "vpc",
      "provider": "provider[\"registry.terraform.io/hashicorp/random\"]",
      "instances": [
        {
          "schema_version": 0,
          "attributes": {
            "b64_std": "/3GwHA==",
            "b64_url": "_3GwHA",
            "byte_length": 4,
            "dec": "4285640732",
            "hex": "ff71b01c",
            "id": "_3GwHA",
            "keepers": {
              "environment": "dev"
            },
            "prefix": null
          },
          "sensitive_attributes": [],
          "identity_schema_version": 0
        }
      ]
    }
  ],
  "check_results": null
}
